
Microsoft Visual Studio Solution File, Format Version 12.00
# Visual Studio Version 16
VisualStudioVersion = 16.0.30611.23
MinimumVisualStudioVersion = 10.0.40219.1
Project("{FAE04EC0-301F-11D3-BF4B-00C04F79EFBC}") = "AutoFrameworkWithSpecflow", "AutoFrameworkWithSpecflow.csproj", "{7B455230-68E9-41DC-B857-38D2C2A40EAC}"
EndProject
Global
	GlobalSection(SolutionConfigurationPlatforms) = preSolution
		Debug|Any CPU = Debug|Any CPU
		Release|Any CPU = Release|Any CPU
	EndGlobalSection
	GlobalSection(ProjectConfigurationPlatforms) = postSolution
		{7B455230-68E9-41DC-B857-38D2C2A40EAC}.Debug|Any CPU.ActiveCfg = Debug|Any CPU
		{7B455230-68E9-41DC-B857-38D2C2A40EAC}.Debug|Any CPU.Build.0 = Debug|Any CPU
		{7B455230-68E9-41DC-B857-38D2C2A40EAC}.Release|Any CPU.ActiveCfg = Release|Any CPU
		{7B455230-68E9-41DC-B857-38D2C2A40EAC}.Release|Any CPU.Build.0 = Release|Any CPU
	EndGlobalSection
	GlobalSection(SolutionProperties) = preSolution
		HideSolutionNode = FALSE
	EndGlobalSection
	GlobalSection(ExtensibilityGlobals) = postSolution
		SolutionGuid = {A0B5A068-3E59-48B7-878F-E2B90C8B7FB3}
	EndGlobalSection
EndGlobal
